
Microsoft Visual Studio Solution File, Format Version 12.00
# Visual Studio Version 17
VisualStudioVersion = 17.13.35825.156 d17.13
MinimumVisualStudioVersion = 10.0.40219.1
Project("{8BC9CEB8-8B4A-11D0-8D11-00A0C91BC942}") = "OOP_Project", "OOP_Project.vcxproj", "{E7BC4AB1-AEE8-4ABA-B6FF-6031595E3767}"
EndProject
Global
	GlobalSection(SolutionConfigurationPlatforms) = preSolution
		Debug|x64 = Debug|x64
		Debug|x86 = Debug|x86
		Release|x64 = Release|x64
		Release|x86 = Release|x86
	EndGlobalSection
	GlobalSection(ProjectConfigurationPlatforms) = postSolution
		{E7BC4AB1-AEE8-4ABA-B6FF-6031595E3767}.Debug|x64.ActiveCfg = Debug|x64
		{E7BC4AB1-AEE8-4ABA-B6FF-6031595E3767}.Debug|x64.Build.0 = Debug|x64
		{E7BC4AB1-AEE8-4ABA-B6FF-6031595E3767}.Debug|x86.ActiveCfg = Debug|Win32
		{E7BC4AB1-AEE8-4ABA-B6FF-6031595E3767}.Debug|x86.Build.0 = Debug|Win32
		{E7BC4AB1-AEE8-4ABA-B6FF-6031595E3767}.Release|x64.ActiveCfg = Release|x64
		{E7BC4AB1-AEE8-4ABA-B6FF-6031595E3767}.Release|x64.Build.0 = Release|x64
		{E7BC4AB1-AEE8-4ABA-B6FF-6031595E3767}.Release|x86.ActiveCfg = Release|Win32
		{E7BC4AB1-AEE8-4ABA-B6FF-6031595E3767}.Release|x86.Build.0 = Release|Win32
	EndGlobalSection
	GlobalSection(SolutionProperties) = preSolution
		HideSolutionNode = FALSE
	EndGlobalSection
	GlobalSection(ExtensibilityGlobals) = postSolution
		SolutionGuid = {C5B440A8-EC7F-4E31-9779-EB410A7E3DB9}
	EndGlobalSection
EndGlobal
